
Microsoft Visual Studio Solution File, Format Version 12.00
# Visual Studio Version 17
VisualStudioVersion = 17.4.33213.308
MinimumVisualStudioVersion = 10.0.40219.1
Project("{9A19103F-16F7-4668-BE54-9A1E7A4F7556}") = "CarManufacturer", "01. Car\CarManufacturer.csproj", "{A7268203-B959-48B8-92BB-45191CAEBADB}"
EndProject
Global
	GlobalSection(SolutionConfigurationPlatforms) = preSolution
		Debug|Any CPU = Debug|Any CPU
		Release|Any CPU = Release|Any CPU
	EndGlobalSection
	GlobalSection(ProjectConfigurationPlatforms) = postSolution
		{A7268203-B959-48B8-92BB-45191CAEBADB}.Debug|Any CPU.ActiveCfg = Debug|Any CPU
		{A7268203-B959-48B8-92BB-45191CAEBADB}.Debug|Any CPU.Build.0 = Debug|Any CPU
		{A7268203-B959-48B8-92BB-45191CAEBADB}.Release|Any CPU.ActiveCfg = Release|Any CPU
		{A7268203-B959-48B8-92BB-45191CAEBADB}.Release|Any CPU.Build.0 = Release|Any CPU
	EndGlobalSection
	GlobalSection(SolutionProperties) = preSolution
		HideSolutionNode = FALSE
	EndGlobalSection
	GlobalSection(ExtensibilityGlobals) = postSolution
		SolutionGuid = {6DECC2CA-5FD0-4034-A655-DA0BD9DFC1EA}
	EndGlobalSection
EndGlobal
